
Microsoft Visual Studio Solution File, Format Version 12.00
# Visual Studio Version 17
VisualStudioVersion = 17.13.35818.85 d17.13
MinimumVisualStudioVersion = 10.0.40219.1
Project("{FAE04EC0-301F-11D3-BF4B-00C04F79EFBC}") = "DLP.Tests", "DLP.Tests\DLP.Tests.csproj", "{307B6C48-2FE1-438F-AE71-63498742D519}"
EndProject
Global
	GlobalSection(SolutionConfigurationPlatforms) = preSolution
		Debug|Any CPU = Debug|Any CPU
		Release|Any CPU = Release|Any CPU
	EndGlobalSection
	GlobalSection(ProjectConfigurationPlatforms) = postSolution
		{307B6C48-2FE1-438F-AE71-63498742D519}.Debug|Any CPU.ActiveCfg = Debug|Any CPU
		{307B6C48-2FE1-438F-AE71-63498742D519}.Debug|Any CPU.Build.0 = Debug|Any CPU
		{307B6C48-2FE1-438F-AE71-63498742D519}.Release|Any CPU.ActiveCfg = Release|Any CPU
		{307B6C48-2FE1-438F-AE71-63498742D519}.Release|Any CPU.Build.0 = Release|Any CPU
	EndGlobalSection
	GlobalSection(SolutionProperties) = preSolution
		HideSolutionNode = FALSE
	EndGlobalSection
	GlobalSection(ExtensibilityGlobals) = postSolution
		SolutionGuid = {0F65B1E4-AB15-4E50-873A-098AF47C2197}
	EndGlobalSection
EndGlobal
